
Microsoft Visual Studio Solution File, Format Version 12.00
# Visual Studio Version 17
VisualStudioVersion = 17.4.33213.308
MinimumVisualStudioVersion = 10.0.40219.1
Project("{FAE04EC0-301F-11D3-BF4B-00C04F79EFBC}") = "Assignment3-Csharp-DucMinhHuynh", "Assignment3-Csharp-DucMinhHuynh\Assignment3-Csharp-DucMinhHuynh.csproj", "{2500152D-F56B-46C8-8BC5-870A776548BD}"
EndProject
Global
	GlobalSection(SolutionConfigurationPlatforms) = preSolution
		Debug|Any CPU = Debug|Any CPU
		Release|Any CPU = Release|Any CPU
	EndGlobalSection
	GlobalSection(ProjectConfigurationPlatforms) = postSolution
		{2500152D-F56B-46C8-8BC5-870A776548BD}.Debug|Any CPU.ActiveCfg = Debug|Any CPU
		{2500152D-F56B-46C8-8BC5-870A776548BD}.Debug|Any CPU.Build.0 = Debug|Any CPU
		{2500152D-F56B-46C8-8BC5-870A776548BD}.Release|Any CPU.ActiveCfg = Release|Any CPU
		{2500152D-F56B-46C8-8BC5-870A776548BD}.Release|Any CPU.Build.0 = Release|Any CPU
	EndGlobalSection
	GlobalSection(SolutionProperties) = preSolution
		HideSolutionNode = FALSE
	EndGlobalSection
	GlobalSection(ExtensibilityGlobals) = postSolution
		SolutionGuid = {09B31259-9E04-445B-8614-259F3AB5BCA2}
	EndGlobalSection
EndGlobal
